
Microsoft Visual Studio Solution File, Format Version 12.00
# Visual Studio Version 17
VisualStudioVersion = 17.11.35312.102
MinimumVisualStudioVersion = 10.0.40219.1
Project("{FAE04EC0-301F-11D3-BF4B-00C04F79EFBC}") = "SKLearning", "SKLearning.csproj", "{0BA57242-EF72-4E68-A20B-514A0C6AD211}"
EndProject
Global
	GlobalSection(SolutionConfigurationPlatforms) = preSolution
		Debug|Any CPU = Debug|Any CPU
		Release|Any CPU = Release|Any CPU
	EndGlobalSection
	GlobalSection(ProjectConfigurationPlatforms) = postSolution
		{0BA57242-EF72-4E68-A20B-514A0C6AD211}.Debug|Any CPU.ActiveCfg = Debug|Any CPU
		{0BA57242-EF72-4E68-A20B-514A0C6AD211}.Debug|Any CPU.Build.0 = Debug|Any CPU
		{0BA57242-EF72-4E68-A20B-514A0C6AD211}.Release|Any CPU.ActiveCfg = Release|Any CPU
		{0BA57242-EF72-4E68-A20B-514A0C6AD211}.Release|Any CPU.Build.0 = Release|Any CPU
	EndGlobalSection
	GlobalSection(SolutionProperties) = preSolution
		HideSolutionNode = FALSE
	EndGlobalSection
	GlobalSection(ExtensibilityGlobals) = postSolution
		SolutionGuid = {C5D735DA-A46E-4DE5-825E-B833AA557642}
	EndGlobalSection
EndGlobal
